
Microsoft Visual Studio Solution File, Format Version 12.00
# Visual Studio 15
VisualStudioVersion = 15.0.28307.136
MinimumVisualStudioVersion = 10.0.40219.1
Project("{FAE04EC0-301F-11D3-BF4B-00C04F79EFBC}") = "Hello", "Hello\Hello.csproj", "{1310C702-9839-4EB6-8B39-EF341108F9B4}"
EndProject
Project("{FAE04EC0-301F-11D3-BF4B-00C04F79EFBC}") = "HelloTest", "HelloTest\HelloTest.csproj", "{F3FC7142-11AE-4EAE-9E2D-7C2347BC26CC}"
EndProject
Global
	GlobalSection(SolutionConfigurationPlatforms) = preSolution
		Debug|Any CPU = Debug|Any CPU
		Release|Any CPU = Release|Any CPU
	EndGlobalSection
	GlobalSection(ProjectConfigurationPlatforms) = postSolution
		{1310C702-9839-4EB6-8B39-EF341108F9B4}.Debug|Any CPU.ActiveCfg = Debug|Any CPU
		{1310C702-9839-4EB6-8B39-EF341108F9B4}.Debug|Any CPU.Build.0 = Debug|Any CPU
		{1310C702-9839-4EB6-8B39-EF341108F9B4}.Release|Any CPU.ActiveCfg = Release|Any CPU
		{1310C702-9839-4EB6-8B39-EF341108F9B4}.Release|Any CPU.Build.0 = Release|Any CPU
		{F3FC7142-11AE-4EAE-9E2D-7C2347BC26CC}.Debug|Any CPU.ActiveCfg = Debug|Any CPU
		{F3FC7142-11AE-4EAE-9E2D-7C2347BC26CC}.Debug|Any CPU.Build.0 = Debug|Any CPU
		{F3FC7142-11AE-4EAE-9E2D-7C2347BC26CC}.Release|Any CPU.ActiveCfg = Release|Any CPU
		{F3FC7142-11AE-4EAE-9E2D-7C2347BC26CC}.Release|Any CPU.Build.0 = Release|Any CPU
	EndGlobalSection
	GlobalSection(SolutionProperties) = preSolution
		HideSolutionNode = FALSE
	EndGlobalSection
	GlobalSection(ExtensibilityGlobals) = postSolution
		SolutionGuid = {7D54973C-B18C-4122-AE59-A2457C6E11F8}
	EndGlobalSection
EndGlobal
